
Microsoft Visual Studio Solution File, Format Version 12.00
# Visual Studio Version 17
VisualStudioVersion = 17.4.33205.214
MinimumVisualStudioVersion = 10.0.40219.1
Project("{888888A0-9F3D-457C-B088-3A5042F75D52}") = "Color_detection", "Color_detection\Color_detection.pyproj", "{2FE99758-DA1D-4AD2-9487-65F5231A27AA}"
EndProject
Global
	GlobalSection(SolutionConfigurationPlatforms) = preSolution
		Debug|Any CPU = Debug|Any CPU
		Release|Any CPU = Release|Any CPU
	EndGlobalSection
	GlobalSection(ProjectConfigurationPlatforms) = postSolution
		{2FE99758-DA1D-4AD2-9487-65F5231A27AA}.Debug|Any CPU.ActiveCfg = Debug|Any CPU
		{2FE99758-DA1D-4AD2-9487-65F5231A27AA}.Release|Any CPU.ActiveCfg = Release|Any CPU
	EndGlobalSection
	GlobalSection(SolutionProperties) = preSolution
		HideSolutionNode = FALSE
	EndGlobalSection
	GlobalSection(ExtensibilityGlobals) = postSolution
		SolutionGuid = {B15BBC0A-E8D3-4D0F-A065-E584729E3323}
	EndGlobalSection
EndGlobal
